
Microsoft Visual Studio Solution File, Format Version 12.00
# Visual Studio Version 17
VisualStudioVersion = 17.11.35312.102
MinimumVisualStudioVersion = 10.0.40219.1
Project("{9A19103F-16F7-4668-BE54-9A1E7A4F7556}") = "Server.Application", "Server.Application\Server.Application.csproj", "{69250A30-C1DC-4CD4-AA30-99809822BC01}"
EndProject
Project("{9A19103F-16F7-4668-BE54-9A1E7A4F7556}") = "Server.DataApplicationLayer", "Server.DataApplicationLayer\Server.DataApplicationLayer.csproj", "{AF34A322-43DB-4E3F-8CF8-D858730C059C}"
EndProject
Project("{9A19103F-16F7-4668-BE54-9A1E7A4F7556}") = "Server.Infrastructure", "Server.Infrastructure\Server.Infrastructure.csproj", "{898627D9-6156-4E4B-8588-2380E8797E7D}"
EndProject
Project("{9A19103F-16F7-4668-BE54-9A1E7A4F7556}") = "Server.Domain", "Server.Domain\Server.Domain.csproj", "{43CC0E19-B148-476F-B76A-9890DFCCE031}"
EndProject
Project("{9A19103F-16F7-4668-BE54-9A1E7A4F7556}") = "Server.Tests", "Server.Tests\Server.Tests.csproj", "{F2A11253-992B-4A07-9236-1F99035B164A}"
EndProject
Global
	GlobalSection(SolutionConfigurationPlatforms) = preSolution
		Debug|Any CPU = Debug|Any CPU
		Release|Any CPU = Release|Any CPU
	EndGlobalSection
	GlobalSection(ProjectConfigurationPlatforms) = postSolution
		{69250A30-C1DC-4CD4-AA30-99809822BC01}.Debug|Any CPU.ActiveCfg = Debug|Any CPU
		{69250A30-C1DC-4CD4-AA30-99809822BC01}.Debug|Any CPU.Build.0 = Debug|Any CPU
		{69250A30-C1DC-4CD4-AA30-99809822BC01}.Release|Any CPU.ActiveCfg = Release|Any CPU
		{69250A30-C1DC-4CD4-AA30-99809822BC01}.Release|Any CPU.Build.0 = Release|Any CPU
		{AF34A322-43DB-4E3F-8CF8-D858730C059C}.Debug|Any CPU.ActiveCfg = Debug|Any CPU
		{AF34A322-43DB-4E3F-8CF8-D858730C059C}.Debug|Any CPU.Build.0 = Debug|Any CPU
		{AF34A322-43DB-4E3F-8CF8-D858730C059C}.Release|Any CPU.ActiveCfg = Release|Any CPU
		{AF34A322-43DB-4E3F-8CF8-D858730C059C}.Release|Any CPU.Build.0 = Release|Any CPU
		{898627D9-6156-4E4B-8588-2380E8797E7D}.Debug|Any CPU.ActiveCfg = Debug|Any CPU
		{898627D9-6156-4E4B-8588-2380E8797E7D}.Debug|Any CPU.Build.0 = Debug|Any CPU
		{898627D9-6156-4E4B-8588-2380E8797E7D}.Release|Any CPU.ActiveCfg = Release|Any CPU
		{898627D9-6156-4E4B-8588-2380E8797E7D}.Release|Any CPU.Build.0 = Release|Any CPU
		{43CC0E19-B148-476F-B76A-9890DFCCE031}.Debug|Any CPU.ActiveCfg = Debug|Any CPU
		{43CC0E19-B148-476F-B76A-9890DFCCE031}.Debug|Any CPU.Build.0 = Debug|Any CPU
		{43CC0E19-B148-476F-B76A-9890DFCCE031}.Release|Any CPU.ActiveCfg = Release|Any CPU
		{43CC0E19-B148-476F-B76A-9890DFCCE031}.Release|Any CPU.Build.0 = Release|Any CPU
		{F2A11253-992B-4A07-9236-1F99035B164A}.Debug|Any CPU.ActiveCfg = Debug|Any CPU
		{F2A11253-992B-4A07-9236-1F99035B164A}.Debug|Any CPU.Build.0 = Debug|Any CPU
		{F2A11253-992B-4A07-9236-1F99035B164A}.Release|Any CPU.ActiveCfg = Release|Any CPU
		{F2A11253-992B-4A07-9236-1F99035B164A}.Release|Any CPU.Build.0 = Release|Any CPU
	EndGlobalSection
	GlobalSection(SolutionProperties) = preSolution
		HideSolutionNode = FALSE
	EndGlobalSection
	GlobalSection(ExtensibilityGlobals) = postSolution
		SolutionGuid = {A586B40C-1961-46E8-A8F6-A2A376D0F683}
	EndGlobalSection
EndGlobal
